
Microsoft Visual Studio Solution File, Format Version 12.00
# Visual Studio 15
VisualStudioVersion = 15.0.28307.705
MinimumVisualStudioVersion = 10.0.40219.1
Project("{FAE04EC0-301F-11D3-BF4B-00C04F79EFBC}") = "Building a Calculator", "Building a Calculator\Building a Calculator.csproj", "{B4558BB1-19EC-4BB0-A8A7-FC48EA8CEBD6}"
EndProject
Global
	GlobalSection(SolutionConfigurationPlatforms) = preSolution
		Debug|Any CPU = Debug|Any CPU
		Release|Any CPU = Release|Any CPU
	EndGlobalSection
	GlobalSection(ProjectConfigurationPlatforms) = postSolution
		{B4558BB1-19EC-4BB0-A8A7-FC48EA8CEBD6}.Debug|Any CPU.ActiveCfg = Debug|Any CPU
		{B4558BB1-19EC-4BB0-A8A7-FC48EA8CEBD6}.Debug|Any CPU.Build.0 = Debug|Any CPU
		{B4558BB1-19EC-4BB0-A8A7-FC48EA8CEBD6}.Release|Any CPU.ActiveCfg = Release|Any CPU
		{B4558BB1-19EC-4BB0-A8A7-FC48EA8CEBD6}.Release|Any CPU.Build.0 = Release|Any CPU
	EndGlobalSection
	GlobalSection(SolutionProperties) = preSolution
		HideSolutionNode = FALSE
	EndGlobalSection
	GlobalSection(ExtensibilityGlobals) = postSolution
		SolutionGuid = {E6C3C98B-18A3-46A9-8E61-3FAF8EB57D7E}
	EndGlobalSection
EndGlobal
